// !$*UTF8*$!
{
	archiveVersion = 1;
	classes = {
	};
	objectVersion = 48;
	objects = {

/* Begin PBXBuildFile section */
		1849BE3B20A38059003EC8D3 /* ValidateTasksCollectionCell.swift in Sources */ = {isa = PBXBuildFile; fileRef = 1849BE3A20A38059003EC8D3 /* ValidateTasksCollectionCell.swift */; };
		54E36132D02F5032CBC285AE /* Pods_coolmeiappxcode.framework in Frameworks */ = {isa = PBXBuildFile; fileRef = D44027F85C2625AD350E1572 /* Pods_coolmeiappxcode.framework */; };
		57020DF7208F9FE900D333AF /* AppDelegate.swift in Sources */ = {isa = PBXBuildFile; fileRef = 57020DF6208F9FE900D333AF /* AppDelegate.swift */; };
		57020DF9208F9FE900D333AF /* ViewControler.swift in Sources */ = {isa = PBXBuildFile; fileRef = 57020DF8208F9FE900D333AF /* ViewControler.swift */; };
		57020DFC208F9FE900D333AF /* Main.storyboard in Resources */ = {isa = PBXBuildFile; fileRef = 57020DFA208F9FE900D333AF /* Main.storyboard */; };
		57020DFF208F9FE900D333AF /* coolmeiappxcode.xcdatamodeld in Sources */ = {isa = PBXBuildFile; fileRef = 57020DFD208F9FE900D333AF /* coolmeiappxcode.xcdatamodeld */; };
		57020E01208F9FEA00D333AF /* Assets.xcassets in Resources */ = {isa = PBXBuildFile; fileRef = 57020E00208F9FEA00D333AF /* Assets.xcassets */; };
		57020E04208F9FEA00D333AF /* LaunchScreen.storyboard in Resources */ = {isa = PBXBuildFile; fileRef = 57020E02208F9FEA00D333AF /* LaunchScreen.storyboard */; };
		57020E0F208F9FEA00D333AF /* coolmeiappxcodeTests.swift in Sources */ = {isa = PBXBuildFile; fileRef = 57020E0E208F9FEA00D333AF /* coolmeiappxcodeTests.swift */; };
		57020E1A208F9FEA00D333AF /* coolmeiappxcodeUITests.swift in Sources */ = {isa = PBXBuildFile; fileRef = 57020E19208F9FEA00D333AF /* coolmeiappxcodeUITests.swift */; };
		5732D6CE2093C2D2009E7435 /* HouseMember.swift in Sources */ = {isa = PBXBuildFile; fileRef = 5732D6CD2093C2D2009E7435 /* HouseMember.swift */; };
		5732D6D02093C44C009E7435 /* LocalData.swift in Sources */ = {isa = PBXBuildFile; fileRef = 5732D6CF2093C44C009E7435 /* LocalData.swift */; };
		578D5CAB209BC53E00CA7FD7 /* ViewMembersTableCell.swift in Sources */ = {isa = PBXBuildFile; fileRef = 578D5CAA209BC53E00CA7FD7 /* ViewMembersTableCell.swift */; };
		57AEEAEF209A54DC001C499D /* MemberTableViewCell.swift in Sources */ = {isa = PBXBuildFile; fileRef = 57AEEAEE209A54DC001C499D /* MemberTableViewCell.swift */; };
		63DDC7281624AD4A6612AE66 /* Pods_coolmeiappxcodeUITests.framework in Frameworks */ = {isa = PBXBuildFile; fileRef = 4C0A1EBE3AB8DBBEB99A2F25 /* Pods_coolmeiappxcodeUITests.framework */; };
		80307B178DDED610F0CAF380 /* Pods_coolmeiappxcodeTests.framework in Frameworks */ = {isa = PBXBuildFile; fileRef = E8A8E930E6FBFE79493A7FC0 /* Pods_coolmeiappxcodeTests.framework */; };
		EF0E3579209BAC4A00503A74 /* ChoseTaskCollectionCell.swift in Sources */ = {isa = PBXBuildFile; fileRef = EF0E3578209BAC4A00503A74 /* ChoseTaskCollectionCell.swift */; };
		EF53739320950B11006CD886 /* DomesticTaskCollectionCell.swift in Sources */ = {isa = PBXBuildFile; fileRef = EF53739220950B11006CD886 /* DomesticTaskCollectionCell.swift */; };
		EFD41DC4208FD3E80076C40C /* DomesticTask.swift in Sources */ = {isa = PBXBuildFile; fileRef = EFD41DC3208FD3E80076C40C /* DomesticTask.swift */; };
		EFF9094C209C844300277F38 /* ChoseMemberToDoTableCell.swift in Sources */ = {isa = PBXBuildFile; fileRef = EFF9094B209C844300277F38 /* ChoseMemberToDoTableCell.swift */; };
/* End PBXBuildFile section */

/* Begin PBXContainerItemProxy section */
		57020E0B208F9FEA00D333AF /* PBXContainerItemProxy */ = {
			isa = PBXContainerItemProxy;
			containerPortal = 57020DEB208F9FE900D333AF /* Project object */;
			proxyType = 1;
			remoteGlobalIDString = 57020DF2208F9FE900D333AF;
			remoteInfo = coolmeiappxcode;
		};
		57020E16208F9FEA00D333AF /* PBXContainerItemProxy */ = {
			isa = PBXContainerItemProxy;
			containerPortal = 57020DEB208F9FE900D333AF /* Project object */;
			proxyType = 1;
			remoteGlobalIDString = 57020DF2208F9FE900D333AF;
			remoteInfo = coolmeiappxcode;
		};
/* End PBXContainerItemProxy section */

/* Begin PBXFileReference section */
		136D250F30CB3CFACEF87328 /* Pods-coolmeiappxcodeTests.release.xcconfig */ = {isa = PBXFileReference; includeInIndex = 1; lastKnownFileType = text.xcconfig; name = "Pods-coolmeiappxcodeTests.release.xcconfig"; path = "Pods/Target Support Files/Pods-coolmeiappxcodeTests/Pods-coolmeiappxcodeTests.release.xcconfig"; sourceTree = "<group>"; };
		1849BE3A20A38059003EC8D3 /* ValidateTasksCollectionCell.swift */ = {isa = PBXFileReference; lastKnownFileType = sourcecode.swift; path = ValidateTasksCollectionCell.swift; sourceTree = "<group>"; };
		254285780CF81F9A03C6E410 /* Pods-coolmeiappxcode.release.xcconfig */ = {isa = PBXFileReference; includeInIndex = 1; lastKnownFileType = text.xcconfig; name = "Pods-coolmeiappxcode.release.xcconfig"; path = "Pods/Target Support Files/Pods-coolmeiappxcode/Pods-coolmeiappxcode.release.xcconfig"; sourceTree = "<group>"; };
		2B20BA1760DE3A57112741A3 /* Pods-coolmeiappxcode.debug.xcconfig */ = {isa = PBXFileReference; includeInIndex = 1; lastKnownFileType = text.xcconfig; name = "Pods-coolmeiappxcode.debug.xcconfig"; path = "Pods/Target Support Files/Pods-coolmeiappxcode/Pods-coolmeiappxcode.debug.xcconfig"; sourceTree = "<group>"; };
		4C0A1EBE3AB8DBBEB99A2F25 /* Pods_coolmeiappxcodeUITests.framework */ = {isa = PBXFileReference; explicitFileType = wrapper.framework; includeInIndex = 0; path = Pods_coolmeiappxcodeUITests.framework; sourceTree = BUILT_PRODUCTS_DIR; };
		57020DF3208F9FE900D333AF /* coolmeiappxcode.app */ = {isa = PBXFileReference; explicitFileType = wrapper.application; includeInIndex = 0; path = coolmeiappxcode.app; sourceTree = BUILT_PRODUCTS_DIR; };
		57020DF6208F9FE900D333AF /* AppDelegate.swift */ = {isa = PBXFileReference; lastKnownFileType = sourcecode.swift; path = AppDelegate.swift; sourceTree = "<group>"; };
		57020DF8208F9FE900D333AF /* ViewControler.swift */ = {isa = PBXFileReference; lastKnownFileType = sourcecode.swift; path = ViewControler.swift; sourceTree = "<group>"; };
		57020DFB208F9FE900D333AF /* Base */ = {isa = PBXFileReference; lastKnownFileType = file.storyboard; name = Base; path = Base.lproj/Main.storyboard; sourceTree = "<group>"; };
		57020DFE208F9FE900D333AF /* coolmeiappxcode.xcdatamodel */ = {isa = PBXFileReference; lastKnownFileType = wrapper.xcdatamodel; path = coolmeiappxcode.xcdatamodel; sourceTree = "<group>"; };
		57020E00208F9FEA00D333AF /* Assets.xcassets */ = {isa = PBXFileReference; lastKnownFileType = folder.assetcatalog; path = Assets.xcassets; sourceTree = "<group>"; };
		57020E03208F9FEA00D333AF /* Base */ = {isa = PBXFileReference; lastKnownFileType = file.storyboard; name = Base; path = Base.lproj/LaunchScreen.storyboard; sourceTree = "<group>"; };
		57020E05208F9FEA00D333AF /* Info.plist */ = {isa = PBXFileReference; lastKnownFileType = text.plist.xml; path = Info.plist; sourceTree = "<group>"; };
		57020E0A208F9FEA00D333AF /* coolmeiappxcodeTests.xctest */ = {isa = PBXFileReference; explicitFileType = wrapper.cfbundle; includeInIndex = 0; path = coolmeiappxcodeTests.xctest; sourceTree = BUILT_PRODUCTS_DIR; };
		57020E0E208F9FEA00D333AF /* coolmeiappxcodeTests.swift */ = {isa = PBXFileReference; lastKnownFileType = sourcecode.swift; path = coolmeiappxcodeTests.swift; sourceTree = "<group>"; };
		57020E10208F9FEA00D333AF /* Info.plist */ = {isa = PBXFileReference; lastKnownFileType = text.plist.xml; path = Info.plist; sourceTree = "<group>"; };
		57020E15208F9FEA00D333AF /* coolmeiappxcodeUITests.xctest */ = {isa = PBXFileReference; explicitFileType = wrapper.cfbundle; includeInIndex = 0; path = coolmeiappxcodeUITests.xctest; sourceTree = BUILT_PRODUCTS_DIR; };
		57020E19208F9FEA00D333AF /* coolmeiappxcodeUITests.swift */ = {isa = PBXFileReference; lastKnownFileType = sourcecode.swift; path = coolmeiappxcodeUITests.swift; sourceTree = "<group>"; };
		57020E1B208F9FEA00D333AF /* Info.plist */ = {isa = PBXFileReference; lastKnownFileType = text.plist.xml; path = Info.plist; sourceTree = "<group>"; };
		5732D6CD2093C2D2009E7435 /* HouseMember.swift */ = {isa = PBXFileReference; lastKnownFileType = sourcecode.swift; path = HouseMember.swift; sourceTree = "<group>"; };
		5732D6CF2093C44C009E7435 /* LocalData.swift */ = {isa = PBXFileReference; lastKnownFileType = sourcecode.swift; path = LocalData.swift; sourceTree = "<group>"; };
		578D5CAA209BC53E00CA7FD7 /* ViewMembersTableCell.swift */ = {isa = PBXFileReference; lastKnownFileType = sourcecode.swift; path = ViewMembersTableCell.swift; sourceTree = "<group>"; };
		57AEEAEE209A54DC001C499D /* MemberTableViewCell.swift */ = {isa = PBXFileReference; lastKnownFileType = sourcecode.swift; path = MemberTableViewCell.swift; sourceTree = "<group>"; };
		60A5EC8E6C68C6FBB509DCC3 /* Pods-coolmeiappxcodeTests.debug.xcconfig */ = {isa = PBXFileReference; includeInIndex = 1; lastKnownFileType = text.xcconfig; name = "Pods-coolmeiappxcodeTests.debug.xcconfig"; path = "Pods/Target Support Files/Pods-coolmeiappxcodeTests/Pods-coolmeiappxcodeTests.debug.xcconfig"; sourceTree = "<group>"; };
		6B4212040830374AFA018D69 /* Pods-coolmeiappxcodeUITests.debug.xcconfig */ = {isa = PBXFileReference; includeInIndex = 1; lastKnownFileType = text.xcconfig; name = "Pods-coolmeiappxcodeUITests.debug.xcconfig"; path = "Pods/Target Support Files/Pods-coolmeiappxcodeUITests/Pods-coolmeiappxcodeUITests.debug.xcconfig"; sourceTree = "<group>"; };
		D44027F85C2625AD350E1572 /* Pods_coolmeiappxcode.framework */ = {isa = PBXFileReference; explicitFileType = wrapper.framework; includeInIndex = 0; path = Pods_coolmeiappxcode.framework; sourceTree = BUILT_PRODUCTS_DIR; };
		E8A8E930E6FBFE79493A7FC0 /* Pods_coolmeiappxcodeTests.framework */ = {isa = PBXFileReference; explicitFileType = wrapper.framework; includeInIndex = 0; path = Pods_coolmeiappxcodeTests.framework; sourceTree = BUILT_PRODUCTS_DIR; };
		EDE2E6D89447685326704771 /* Pods-coolmeiappxcodeUITests.release.xcconfig */ = {isa = PBXFileReference; includeInIndex = 1; lastKnownFileType = text.xcconfig; name = "Pods-coolmeiappxcodeUITests.release.xcconfig"; path = "Pods/Target Support Files/Pods-coolmeiappxcodeUITests/Pods-coolmeiappxcodeUITests.release.xcconfig"; sourceTree = "<group>"; };
		EF0E3578209BAC4A00503A74 /* ChoseTaskCollectionCell.swift */ = {isa = PBXFileReference; lastKnownFileType = sourcecode.swift; path = ChoseTaskCollectionCell.swift; sourceTree = "<group>"; };
		EF53739220950B11006CD886 /* DomesticTaskCollectionCell.swift */ = {isa = PBXFileReference; lastKnownFileType = sourcecode.swift; path = DomesticTaskCollectionCell.swift; sourceTree = "<group>"; };
		EFD41DC3208FD3E80076C40C /* DomesticTask.swift */ = {isa = PBXFileReference; lastKnownFileType = sourcecode.swift; path = DomesticTask.swift; sourceTree = "<group>"; };
		EFF9094B209C844300277F38 /* ChoseMemberToDoTableCell.swift */ = {isa = PBXFileReference; lastKnownFileType = sourcecode.swift; path = ChoseMemberToDoTableCell.swift; sourceTree = "<group>"; };
/* End PBXFileReference section */

/* Begin PBXFrameworksBuildPhase section */
		57020DF0208F9FE900D333AF /* Frameworks */ = {
			isa = PBXFrameworksBuildPhase;
			buildActionMask = 2147483647;
			files = (
				54E36132D02F5032CBC285AE /* Pods_coolmeiappxcode.framework in Frameworks */,
			);
			runOnlyForDeploymentPostprocessing = 0;
		};
		57020E07208F9FEA00D333AF /* Frameworks */ = {
			isa = PBXFrameworksBuildPhase;
			buildActionMask = 2147483647;
			files = (
				80307B178DDED610F0CAF380 /* Pods_coolmeiappxcodeTests.framework in Frameworks */,
			);
			runOnlyForDeploymentPostprocessing = 0;
		};
		57020E12208F9FEA00D333AF /* Frameworks */ = {
			isa = PBXFrameworksBuildPhase;
			buildActionMask = 2147483647;
			files = (
				63DDC7281624AD4A6612AE66 /* Pods_coolmeiappxcodeUITests.framework in Frameworks */,
			);
			runOnlyForDeploymentPostprocessing = 0;
		};
/* End PBXFrameworksBuildPhase section */

/* Begin PBXGroup section */
		57020DEA208F9FE900D333AF = {
			isa = PBXGroup;
			children = (
				EFD41DC2208FD3540076C40C /* Subclasses novas */,
				EFD41DC1208FD33A0076C40C /* Classes novas */,
				EFD41DC0208FD3150076C40C /* Banco de Dados (local) */,
				57020DF5208F9FE900D333AF /* coolmeiappxcode */,
				57020E0D208F9FEA00D333AF /* coolmeiappxcodeTests */,
				57020E18208F9FEA00D333AF /* coolmeiappxcodeUITests */,
				57020DF4208F9FE900D333AF /* Products */,
				DAF454FF9271A08C9D350B8E /* Pods */,
				B15C11EBCD03F32359E83B24 /* Frameworks */,
			);
			sourceTree = "<group>";
		};
		57020DF4208F9FE900D333AF /* Products */ = {
			isa = PBXGroup;
			children = (
				57020DF3208F9FE900D333AF /* coolmeiappxcode.app */,
				57020E0A208F9FEA00D333AF /* coolmeiappxcodeTests.xctest */,
				57020E15208F9FEA00D333AF /* coolmeiappxcodeUITests.xctest */,
			);
			name = Products;
			sourceTree = "<group>";
		};
		57020DF5208F9FE900D333AF /* coolmeiappxcode */ = {
			isa = PBXGroup;
			children = (
				57020DF6208F9FE900D333AF /* AppDelegate.swift */,
				57020DF8208F9FE900D333AF /* ViewControler.swift */,
				57020DFA208F9FE900D333AF /* Main.storyboard */,
				57020E00208F9FEA00D333AF /* Assets.xcassets */,
				57020E02208F9FEA00D333AF /* LaunchScreen.storyboard */,
				57020E05208F9FEA00D333AF /* Info.plist */,
				57020DFD208F9FE900D333AF /* coolmeiappxcode.xcdatamodeld */,
			);
			path = coolmeiappxcode;
			sourceTree = "<group>";
		};
		57020E0D208F9FEA00D333AF /* coolmeiappxcodeTests */ = {
			isa = PBXGroup;
			children = (
				57020E0E208F9FEA00D333AF /* coolmeiappxcodeTests.swift */,
				57020E10208F9FEA00D333AF /* Info.plist */,
			);
			path = coolmeiappxcodeTests;
			sourceTree = "<group>";
		};
		57020E18208F9FEA00D333AF /* coolmeiappxcodeUITests */ = {
			isa = PBXGroup;
			children = (
				57020E19208F9FEA00D333AF /* coolmeiappxcodeUITests.swift */,
				57020E1B208F9FEA00D333AF /* Info.plist */,
			);
			path = coolmeiappxcodeUITests;
			sourceTree = "<group>";
		};
		B15C11EBCD03F32359E83B24 /* Frameworks */ = {
			isa = PBXGroup;
			children = (
				D44027F85C2625AD350E1572 /* Pods_coolmeiappxcode.framework */,
				E8A8E930E6FBFE79493A7FC0 /* Pods_coolmeiappxcodeTests.framework */,
				4C0A1EBE3AB8DBBEB99A2F25 /* Pods_coolmeiappxcodeUITests.framework */,
			);
			name = Frameworks;
			sourceTree = "<group>";
		};
		DAF454FF9271A08C9D350B8E /* Pods */ = {
			isa = PBXGroup;
			children = (
				2B20BA1760DE3A57112741A3 /* Pods-coolmeiappxcode.debug.xcconfig */,
				254285780CF81F9A03C6E410 /* Pods-coolmeiappxcode.release.xcconfig */,
				60A5EC8E6C68C6FBB509DCC3 /* Pods-coolmeiappxcodeTests.debug.xcconfig */,
				136D250F30CB3CFACEF87328 /* Pods-coolmeiappxcodeTests.release.xcconfig */,
				6B4212040830374AFA018D69 /* Pods-coolmeiappxcodeUITests.debug.xcconfig */,
				EDE2E6D89447685326704771 /* Pods-coolmeiappxcodeUITests.release.xcconfig */,
			);
			name = Pods;
			sourceTree = "<group>";
		};
		EFD41DC0208FD3150076C40C /* Banco de Dados (local) */ = {
			isa = PBXGroup;
			children = (
				5732D6CF2093C44C009E7435 /* LocalData.swift */,
			);
			name = "Banco de Dados (local)";
			sourceTree = "<group>";
		};
		EFD41DC1208FD33A0076C40C /* Classes novas */ = {
			isa = PBXGroup;
			children = (
				EFD41DC3208FD3E80076C40C /* DomesticTask.swift */,
				5732D6CD2093C2D2009E7435 /* HouseMember.swift */,
			);
			name = "Classes novas";
			sourceTree = "<group>";
		};
		EFD41DC2208FD3540076C40C /* Subclasses novas */ = {
			isa = PBXGroup;
			children = (
				EF53739220950B11006CD886 /* DomesticTaskCollectionCell.swift */,
				EF0E3578209BAC4A00503A74 /* ChoseTaskCollectionCell.swift */,
				57AEEAEE209A54DC001C499D /* MemberTableViewCell.swift */,
				EFF9094B209C844300277F38 /* ChoseMemberToDoTableCell.swift */,
				1849BE3A20A38059003EC8D3 /* ValidateTasksCollectionCell.swift */,
				578D5CAA209BC53E00CA7FD7 /* ViewMembersTableCell.swift */,
			);
			name = "Subclasses novas";
			sourceTree = "<group>";
		};
/* End PBXGroup section */

/* Begin PBXNativeTarget section */
		57020DF2208F9FE900D333AF /* coolmeiappxcode */ = {
			isa = PBXNativeTarget;
			buildConfigurationList = 57020E1E208F9FEA00D333AF /* Build configuration list for PBXNativeTarget "coolmeiappxcode" */;
			buildPhases = (
				9FC51C8F587A3286EB501CB9 /* [CP] Check Pods Manifest.lock */,
				57020DEF208F9FE900D333AF /* Sources */,
				57020DF0208F9FE900D333AF /* Frameworks */,
				57020DF1208F9FE900D333AF /* Resources */,
				F5D6959EE69908C8281C3D02 /* [CP] Embed Pods Frameworks */,
			);
			buildRules = (
			);
			dependencies = (
			);
			name = coolmeiappxcode;
			productName = coolmeiappxcode;
			productReference = 57020DF3208F9FE900D333AF /* coolmeiappxcode.app */;
			productType = "com.apple.product-type.application";
		};
		57020E09208F9FEA00D333AF /* coolmeiappxcodeTests */ = {
			isa = PBXNativeTarget;
			buildConfigurationList = 57020E21208F9FEA00D333AF /* Build configuration list for PBXNativeTarget "coolmeiappxcodeTests" */;
			buildPhases = (
				0AFA7DB92380123E4FF227A9 /* [CP] Check Pods Manifest.lock */,
				57020E06208F9FEA00D333AF /* Sources */,
				57020E07208F9FEA00D333AF /* Frameworks */,
				57020E08208F9FEA00D333AF /* Resources */,
			);
			buildRules = (
			);
			dependencies = (
				57020E0C208F9FEA00D333AF /* PBXTargetDependency */,
			);
			name = coolmeiappxcodeTests;
			productName = coolmeiappxcodeTests;
			productReference = 57020E0A208F9FEA00D333AF /* coolmeiappxcodeTests.xctest */;
			productType = "com.apple.product-type.bundle.unit-test";
		};
		57020E14208F9FEA00D333AF /* coolmeiappxcodeUITests */ = {
			isa = PBXNativeTarget;
			buildConfigurationList = 57020E24208F9FEA00D333AF /* Build configuration list for PBXNativeTarget "coolmeiappxcodeUITests" */;
			buildPhases = (
				1BAA8AF906C8CADFD94D3197 /* [CP] Check Pods Manifest.lock */,
				57020E11208F9FEA00D333AF /* Sources */,
				57020E12208F9FEA00D333AF /* Frameworks */,
				57020E13208F9FEA00D333AF /* Resources */,
			);
			buildRules = (
			);
			dependencies = (
				57020E17208F9FEA00D333AF /* PBXTargetDependency */,
			);
			name = coolmeiappxcodeUITests;
			productName = coolmeiappxcodeUITests;
			productReference = 57020E15208F9FEA00D333AF /* coolmeiappxcodeUITests.xctest */;
			productType = "com.apple.product-type.bundle.ui-testing";
		};
/* End PBXNativeTarget section */

/* Begin PBXProject section */
		57020DEB208F9FE900D333AF /* Project object */ = {
			isa = PBXProject;
			attributes = {
				LastSwiftUpdateCheck = 0930;
				LastUpgradeCheck = 0930;
				ORGANIZATIONNAME = Fem.me;
				TargetAttributes = {
					57020DF2208F9FE900D333AF = {
						CreatedOnToolsVersion = 9.3;
						ProvisioningStyle = Automatic;
					};
					57020E09208F9FEA00D333AF = {
						CreatedOnToolsVersion = 9.3;
						ProvisioningStyle = Automatic;
						TestTargetID = 57020DF2208F9FE900D333AF;
					};
					57020E14208F9FEA00D333AF = {
						CreatedOnToolsVersion = 9.3;
						ProvisioningStyle = Automatic;
						TestTargetID = 57020DF2208F9FE900D333AF;
					};
				};
			};
			buildConfigurationList = 57020DEE208F9FE900D333AF /* Build configuration list for PBXProject "coolmeiappxcode" */;
			compatibilityVersion = "Xcode 8.0";
			developmentRegion = en;
			hasScannedForEncodings = 0;
			knownRegions = (
				en,
				Base,
			);
			mainGroup = 57020DEA208F9FE900D333AF;
			productRefGroup = 57020DF4208F9FE900D333AF /* Products */;
			projectDirPath = "";
			projectRoot = "";
			targets = (
				57020DF2208F9FE900D333AF /* coolmeiappxcode */,
				57020E09208F9FEA00D333AF /* coolmeiappxcodeTests */,
				57020E14208F9FEA00D333AF /* coolmeiappxcodeUITests */,
			);
		};
/* End PBXProject section */

/* Begin PBXResourcesBuildPhase section */
		57020DF1208F9FE900D333AF /* Resources */ = {
			isa = PBXResourcesBuildPhase;
			buildActionMask = 2147483647;
			files = (
				57020E04208F9FEA00D333AF /* LaunchScreen.storyboard in Resources */,
				57020E01208F9FEA00D333AF /* Assets.xcassets in Resources */,
				57020DFC208F9FE900D333AF /* Main.storyboard in Resources */,
			);
			runOnlyForDeploymentPostprocessing = 0;
		};
		57020E08208F9FEA00D333AF /* Resources */ = {
			isa = PBXResourcesBuildPhase;
			buildActionMask = 2147483647;
			files = (
			);
			runOnlyForDeploymentPostprocessing = 0;
		};
		57020E13208F9FEA00D333AF /* Resources */ = {
			isa = PBXResourcesBuildPhase;
			buildActionMask = 2147483647;
			files = (
			);
			runOnlyForDeploymentPostprocessing = 0;
		};
/* End PBXResourcesBuildPhase section */

/* Begin PBXShellScriptBuildPhase section */
		0AFA7DB92380123E4FF227A9 /* [CP] Check Pods Manifest.lock */ = {
			isa = PBXShellScriptBuildPhase;
			buildActionMask = 2147483647;
			files = (
			);
			inputPaths = (
				"${PODS_PODFILE_DIR_PATH}/Podfile.lock",
				"${PODS_ROOT}/Manifest.lock",
			);
			name = "[CP] Check Pods Manifest.lock";
			outputPaths = (
				"$(DERIVED_FILE_DIR)/Pods-coolmeiappxcodeTests-checkManifestLockResult.txt",
			);
			runOnlyForDeploymentPostprocessing = 0;
			shellPath = /bin/sh;
			shellScript = "diff \"${PODS_PODFILE_DIR_PATH}/Podfile.lock\" \"${PODS_ROOT}/Manifest.lock\" > /dev/null\nif [ $? != 0 ] ; then\n    # print error to STDERR\n    echo \"error: The sandbox is not in sync with the Podfile.lock. Run 'pod install' or update your CocoaPods installation.\" >&2\n    exit 1\nfi\n# This output is used by Xcode 'outputs' to avoid re-running this script phase.\necho \"SUCCESS\" > \"${SCRIPT_OUTPUT_FILE_0}\"\n";
			showEnvVarsInLog = 0;
		};
		1BAA8AF906C8CADFD94D3197 /* [CP] Check Pods Manifest.lock */ = {
			isa = PBXShellScriptBuildPhase;
			buildActionMask = 2147483647;
			files = (
			);
			inputPaths = (
				"${PODS_PODFILE_DIR_PATH}/Podfile.lock",
				"${PODS_ROOT}/Manifest.lock",
			);
			name = "[CP] Check Pods Manifest.lock";
			outputPaths = (
				"$(DERIVED_FILE_DIR)/Pods-coolmeiappxcodeUITests-checkManifestLockResult.txt",
			);
			runOnlyForDeploymentPostprocessing = 0;
			shellPath = /bin/sh;
			shellScript = "diff \"${PODS_PODFILE_DIR_PATH}/Podfile.lock\" \"${PODS_ROOT}/Manifest.lock\" > /dev/null\nif [ $? != 0 ] ; then\n    # print error to STDERR\n    echo \"error: The sandbox is not in sync with the Podfile.lock. Run 'pod install' or update your CocoaPods installation.\" >&2\n    exit 1\nfi\n# This output is used by Xcode 'outputs' to avoid re-running this script phase.\necho \"SUCCESS\" > \"${SCRIPT_OUTPUT_FILE_0}\"\n";
			showEnvVarsInLog = 0;
		};
		9FC51C8F587A3286EB501CB9 /* [CP] Check Pods Manifest.lock */ = {
			isa = PBXShellScriptBuildPhase;
			buildActionMask = 2147483647;
			files = (
			);
			inputPaths = (
				"${PODS_PODFILE_DIR_PATH}/Podfile.lock",
				"${PODS_ROOT}/Manifest.lock",
			);
			name = "[CP] Check Pods Manifest.lock";
			outputPaths = (
				"$(DERIVED_FILE_DIR)/Pods-coolmeiappxcode-checkManifestLockResult.txt",
			);
			runOnlyForDeploymentPostprocessing = 0;
			shellPath = /bin/sh;
			shellScript = "diff \"${PODS_PODFILE_DIR_PATH}/Podfile.lock\" \"${PODS_ROOT}/Manifest.lock\" > /dev/null\nif [ $? != 0 ] ; then\n    # print error to STDERR\n    echo \"error: The sandbox is not in sync with the Podfile.lock. Run 'pod install' or update your CocoaPods installation.\" >&2\n    exit 1\nfi\n# This output is used by Xcode 'outputs' to avoid re-running this script phase.\necho \"SUCCESS\" > \"${SCRIPT_OUTPUT_FILE_0}\"\n";
			showEnvVarsInLog = 0;
		};
		F5D6959EE69908C8281C3D02 /* [CP] Embed Pods Frameworks */ = {
			isa = PBXShellScriptBuildPhase;
			buildActionMask = 2147483647;
			files = (
			);
			inputPaths = (
				"${SRCROOT}/Pods/Target Support Files/Pods-coolmeiappxcode/Pods-coolmeiappxcode-frameworks.sh",
				"${BUILT_PRODUCTS_DIR}/PBJHexagon/PBJHexagon.framework",
			);
			name = "[CP] Embed Pods Frameworks";
			outputPaths = (
				"${TARGET_BUILD_DIR}/${FRAMEWORKS_FOLDER_PATH}/PBJHexagon.framework",
			);
			runOnlyForDeploymentPostprocessing = 0;
			shellPath = /bin/sh;
			shellScript = "\"${SRCROOT}/Pods/Target Support Files/Pods-coolmeiappxcode/Pods-coolmeiappxcode-frameworks.sh\"\n";
			showEnvVarsInLog = 0;
		};
/* End PBXShellScriptBuildPhase section */

/* Begin PBXSourcesBuildPhase section */
		57020DEF208F9FE900D333AF /* Sources */ = {
			isa = PBXSourcesBuildPhase;
			buildActionMask = 2147483647;
			files = (
				1849BE3B20A38059003EC8D3 /* ValidateTasksCollectionCell.swift in Sources */,
				EFF9094C209C844300277F38 /* ChoseMemberToDoTableCell.swift in Sources */,
				EF53739320950B11006CD886 /* DomesticTaskCollectionCell.swift in Sources */,
				57020DFF208F9FE900D333AF /* coolmeiappxcode.xcdatamodeld in Sources */,
				57020DF9208F9FE900D333AF /* ViewControler.swift in Sources */,
				5732D6CE2093C2D2009E7435 /* HouseMember.swift in Sources */,
				EFD41DC4208FD3E80076C40C /* DomesticTask.swift in Sources */,
				578D5CAB209BC53E00CA7FD7 /* ViewMembersTableCell.swift in Sources */,
				57020DF7208F9FE900D333AF /* AppDelegate.swift in Sources */,
				5732D6D02093C44C009E7435 /* LocalData.swift in Sources */,
				EF0E3579209BAC4A00503A74 /* ChoseTaskCollectionCell.swift in Sources */,
				57AEEAEF209A54DC001C499D /* MemberTableViewCell.swift in Sources */,
			);
			runOnlyForDeploymentPostprocessing = 0;
		};
		57020E06208F9FEA00D333AF /* Sources */ = {
			isa = PBXSourcesBuildPhase;
			buildActionMask = 2147483647;
			files = (
				57020E0F208F9FEA00D333AF /* coolmeiappxcodeTests.swift in Sources */,
			);
			runOnlyForDeploymentPostprocessing = 0;
		};
		57020E11208F9FEA00D333AF /* Sources */ = {
			isa = PBXSourcesBuildPhase;
			buildActionMask = 2147483647;
			files = (
				57020E1A208F9FEA00D333AF /* coolmeiappxcodeUITests.swift in Sources */,
			);
			runOnlyForDeploymentPostprocessing = 0;
		};
/* End PBXSourcesBuildPhase section */

/* Begin PBXTargetDependency section */
		57020E0C208F9FEA00D333AF /* PBXTargetDependency */ = {
			isa = PBXTargetDependency;
			target = 57020DF2208F9FE900D333AF /* coolmeiappxcode */;
			targetProxy = 57020E0B208F9FEA00D333AF /* PBXContainerItemProxy */;
		};
		57020E17208F9FEA00D333AF /* PBXTargetDependency */ = {
			isa = PBXTargetDependency;
			target = 57020DF2208F9FE900D333AF /* coolmeiappxcode */;
			targetProxy = 57020E16208F9FEA00D333AF /* PBXContainerItemProxy */;
		};
/* End PBXTargetDependency section */

/* Begin PBXVariantGroup section */
		57020DFA208F9FE900D333AF /* Main.storyboard */ = {
			isa = PBXVariantGroup;
			children = (
				57020DFB208F9FE900D333AF /* Base */,
			);
			name = Main.storyboard;
			sourceTree = "<group>";
		};
		57020E02208F9FEA00D333AF /* LaunchScreen.storyboard */ = {
			isa = PBXVariantGroup;
			children = (
				57020E03208F9FEA00D333AF /* Base */,
			);
			name = LaunchScreen.storyboard;
			sourceTree = "<group>";
		};
/* End PBXVariantGroup section */

/* Begin XCBuildConfiguration section */
		57020E1C208F9FEA00D333AF /* Debug */ = {
			isa = XCBuildConfiguration;
			buildSettings = {
				ALWAYS_SEARCH_USER_PATHS = NO;
				CLANG_ANALYZER_NONNULL = YES;
				CLANG_ANALYZER_NUMBER_OBJECT_CONVERSION = YES_AGGRESSIVE;
				CLANG_CXX_LANGUAGE_STANDARD = "gnu++14";
				CLANG_CXX_LIBRARY = "libc++";
				CLANG_ENABLE_MODULES = YES;
				CLANG_ENABLE_OBJC_ARC = YES;
				CLANG_ENABLE_OBJC_WEAK = YES;
				CLANG_WARN_BLOCK_CAPTURE_AUTORELEASING = YES;
				CLANG_WARN_BOOL_CONVERSION = YES;
				CLANG_WARN_COMMA = YES;
				CLANG_WARN_CONSTANT_CONVERSION = YES;
				CLANG_WARN_DEPRECATED_OBJC_IMPLEMENTATIONS = YES;
				CLANG_WARN_DIRECT_OBJC_ISA_USAGE = YES_ERROR;
				CLANG_WARN_DOCUMENTATION_COMMENTS = YES;
				CLANG_WARN_EMPTY_BODY = YES;
				CLANG_WARN_ENUM_CONVERSION = YES;
				CLANG_WARN_INFINITE_RECURSION = YES;
				CLANG_WARN_INT_CONVERSION = YES;
				CLANG_WARN_NON_LITERAL_NULL_CONVERSION = YES;
				CLANG_WARN_OBJC_IMPLICIT_RETAIN_SELF = YES;
				CLANG_WARN_OBJC_LITERAL_CONVERSION = YES;
				CLANG_WARN_OBJC_ROOT_CLASS = YES_ERROR;
				CLANG_WARN_RANGE_LOOP_ANALYSIS = YES;
				CLANG_WARN_STRICT_PROTOTYPES = YES;
				CLANG_WARN_SUSPICIOUS_MOVE = YES;
				CLANG_WARN_UNGUARDED_AVAILABILITY = YES_AGGRESSIVE;
				CLANG_WARN_UNREACHABLE_CODE = YES;
				CLANG_WARN__DUPLICATE_METHOD_MATCH = YES;
				CODE_SIGN_IDENTITY = "iPhone Developer";
				COPY_PHASE_STRIP = NO;
				DEBUG_INFORMATION_FORMAT = dwarf;
				ENABLE_STRICT_OBJC_MSGSEND = YES;
				ENABLE_TESTABILITY = YES;
				GCC_C_LANGUAGE_STANDARD = gnu11;
				GCC_DYNAMIC_NO_PIC = NO;
				GCC_NO_COMMON_BLOCKS = YES;
				GCC_OPTIMIZATION_LEVEL = 0;
				GCC_PREPROCESSOR_DEFINITIONS = (
					"DEBUG=1",
					"$(inherited)",
				);
				GCC_WARN_64_TO_32_BIT_CONVERSION = YES;
				GCC_WARN_ABOUT_RETURN_TYPE = YES_ERROR;
				GCC_WARN_UNDECLARED_SELECTOR = YES;
				GCC_WARN_UNINITIALIZED_AUTOS = YES_AGGRESSIVE;
				GCC_WARN_UNUSED_FUNCTION = YES;
				GCC_WARN_UNUSED_VARIABLE = YES;
				IPHONEOS_DEPLOYMENT_TARGET = 11.3;
				MTL_ENABLE_DEBUG_INFO = YES;
				ONLY_ACTIVE_ARCH = YES;
				SDKROOT = iphoneos;
				SWIFT_ACTIVE_COMPILATION_CONDITIONS = DEBUG;
				SWIFT_OPTIMIZATION_LEVEL = "-Onone";
			};
			name = Debug;
		};
		57020E1D208F9FEA00D333AF /* Release */ = {
			isa = XCBuildConfiguration;
			buildSettings = {
				ALWAYS_SEARCH_USER_PATHS = NO;
				CLANG_ANALYZER_NONNULL = YES;
				CLANG_ANALYZER_NUMBER_OBJECT_CONVERSION = YES_AGGRESSIVE;
				CLANG_CXX_LANGUAGE_STANDARD = "gnu++14";
				CLANG_CXX_LIBRARY = "libc++";
				CLANG_ENABLE_MODULES = YES;
				CLANG_ENABLE_OBJC_ARC = YES;
				CLANG_ENABLE_OBJC_WEAK = YES;
				CLANG_WARN_BLOCK_CAPTURE_AUTORELEASING = YES;
				CLANG_WARN_BOOL_CONVERSION = YES;
				CLANG_WARN_COMMA = YES;
				CLANG_WARN_CONSTANT_CONVERSION = YES;
				CLANG_WARN_DEPRECATED_OBJC_IMPLEMENTATIONS = YES;
				CLANG_WARN_DIRECT_OBJC_ISA_USAGE = YES_ERROR;
				CLANG_WARN_DOCUMENTATION_COMMENTS = YES;
				CLANG_WARN_EMPTY_BODY = YES;
				CLANG_WARN_ENUM_CONVERSION = YES;
				CLANG_WARN_INFINITE_RECURSION = YES;
				CLANG_WARN_INT_CONVERSION = YES;
				CLANG_WARN_NON_LITERAL_NULL_CONVERSION = YES;
				CLANG_WARN_OBJC_IMPLICIT_RETAIN_SELF = YES;
				CLANG_WARN_OBJC_LITERAL_CONVERSION = YES;
				CLANG_WARN_OBJC_ROOT_CLASS = YES_ERROR;
				CLANG_WARN_RANGE_LOOP_ANALYSIS = YES;
				CLANG_WARN_STRICT_PROTOTYPES = YES;
				CLANG_WARN_SUSPICIOUS_MOVE = YES;
				CLANG_WARN_UNGUARDED_AVAILABILITY = YES_AGGRESSIVE;
				CLANG_WARN_UNREACHABLE_CODE = YES;
				CLANG_WARN__DUPLICATE_METHOD_MATCH = YES;
				CODE_SIGN_IDENTITY = "iPhone Developer";
				COPY_PHASE_STRIP = NO;
				DEBUG_INFORMATION_FORMAT = "dwarf-with-dsym";
				ENABLE_NS_ASSERTIONS = NO;
				ENABLE_STRICT_OBJC_MSGSEND = YES;
				GCC_C_LANGUAGE_STANDARD = gnu11;
				GCC_NO_COMMON_BLOCKS = YES;
				GCC_WARN_64_TO_32_BIT_CONVERSION = YES;
				GCC_WARN_ABOUT_RETURN_TYPE = YES_ERROR;
				GCC_WARN_UNDECLARED_SELECTOR = YES;
				GCC_WARN_UNINITIALIZED_AUTOS = YES_AGGRESSIVE;
				GCC_WARN_UNUSED_FUNCTION = YES;
				GCC_WARN_UNUSED_VARIABLE = YES;
				IPHONEOS_DEPLOYMENT_TARGET = 11.3;
				MTL_ENABLE_DEBUG_INFO = NO;
				SDKROOT = iphoneos;
				SWIFT_OPTIMIZATION_LEVEL = "-Owholemodule";
				VALIDATE_PRODUCT = YES;
			};
			name = Release;
		};
		57020E1F208F9FEA00D333AF /* Debug */ = {
			isa = XCBuildConfiguration;
			baseConfigurationReference = 2B20BA1760DE3A57112741A3 /* Pods-coolmeiappxcode.debug.xcconfig */;
			buildSettings = {
				ASSETCATALOG_COMPILER_APPICON_NAME = AppIcon;
				CODE_SIGN_STYLE = Automatic;
				DEVELOPMENT_TEAM = 7KT4V85K95;
				INFOPLIST_FILE = coolmeiappxcode/Info.plist;
				IPHONEOS_DEPLOYMENT_TARGET = 11.2;
				LD_RUNPATH_SEARCH_PATHS = "$(inherited) @executable_path/Frameworks";
				PRODUCT_BUNDLE_IDENTIFIER = Academy.coolmeiappxcode;
				PRODUCT_NAME = "$(TARGET_NAME)";
				SWIFT_VERSION = 4.0;
				TARGETED_DEVICE_FAMILY = "1,2";
			};
			name = Debug;
		};
		57020E20208F9FEA00D333AF /* Release */ = {
			isa = XCBuildConfiguration;
			baseConfigurationReference = 254285780CF81F9A03C6E410 /* Pods-coolmeiappxcode.release.xcconfig */;
			buildSettings = {
				ASSETCATALOG_COMPILER_APPICON_NAME = AppIcon;
				CODE_SIGN_STYLE = Automatic;
				DEVELOPMENT_TEAM = 7KT4V85K95;
				INFOPLIST_FILE = coolmeiappxcode/Info.plist;
				IPHONEOS_DEPLOYMENT_TARGET = 11.2;
				LD_RUNPATH_SEARCH_PATHS = "$(inherited) @executable_path/Frameworks";
				PRODUCT_BUNDLE_IDENTIFIER = Academy.coolmeiappxcode;
				PRODUCT_NAME = "$(TARGET_NAME)";
				SWIFT_VERSION = 4.0;
				TARGETED_DEVICE_FAMILY = "1,2";
			};
			name = Release;
		};
		57020E22208F9FEA00D333AF /* Debug */ = {
			isa = XCBuildConfiguration;
			baseConfigurationReference = 60A5EC8E6C68C6FBB509DCC3 /* Pods-coolmeiappxcodeTests.debug.xcconfig */;
			buildSettings = {
				ALWAYS_EMBED_SWIFT_STANDARD_LIBRARIES = YES;
				BUNDLE_LOADER = "$(TEST_HOST)";
				CODE_SIGN_STYLE = Automatic;
				INFOPLIST_FILE = coolmeiappxcodeTests/Info.plist;
				IPHONEOS_DEPLOYMENT_TARGET = 11.2;
				LD_RUNPATH_SEARCH_PATHS = "$(inherited) @executable_path/Frameworks @loader_path/Frameworks";
				PRODUCT_BUNDLE_IDENTIFIER = Academy.coolmeiappxcodeTests;
				PRODUCT_NAME = "$(TARGET_NAME)";
				SWIFT_VERSION = 4.0;
				TARGETED_DEVICE_FAMILY = "1,2";
				TEST_HOST = "$(BUILT_PRODUCTS_DIR)/coolmeiappxcode.app/coolmeiappxcode";
			};
			name = Debug;
		};
		57020E23208F9FEA00D333AF /* Release */ = {
			isa = XCBuildConfiguration;
			baseConfigurationReference = 136D250F30CB3CFACEF87328 /* Pods-coolmeiappxcodeTests.release.xcconfig */;
			buildSettings = {
				ALWAYS_EMBED_SWIFT_STANDARD_LIBRARIES = YES;
				BUNDLE_LOADER = "$(TEST_HOST)";
				CODE_SIGN_STYLE = Automatic;
				INFOPLIST_FILE = coolmeiappxcodeTests/Info.plist;
				IPHONEOS_DEPLOYMENT_TARGET = 11.2;
				LD_RUNPATH_SEARCH_PATHS = "$(inherited) @executable_path/Frameworks @loader_path/Frameworks";
				PRODUCT_BUNDLE_IDENTIFIER = Academy.coolmeiappxcodeTests;
				PRODUCT_NAME = "$(TARGET_NAME)";
				SWIFT_VERSION = 4.0;
				TARGETED_DEVICE_FAMILY = "1,2";
				TEST_HOST = "$(BUILT_PRODUCTS_DIR)/coolmeiappxcode.app/coolmeiappxcode";
			};
			name = Release;
		};
		57020E25208F9FEA00D333AF /* Debug */ = {
			isa = XCBuildConfiguration;
			baseConfigurationReference = 6B4212040830374AFA018D69 /* Pods-coolmeiappxcodeUITests.debug.xcconfig */;
			buildSettings = {
				ALWAYS_EMBED_SWIFT_STANDARD_LIBRARIES = YES;
				CODE_SIGN_STYLE = Automatic;
				INFOPLIST_FILE = coolmeiappxcodeUITests/Info.plist;
				IPHONEOS_DEPLOYMENT_TARGET = 11.2;
				LD_RUNPATH_SEARCH_PATHS = "$(inherited) @executable_path/Frameworks @loader_path/Frameworks";
				PRODUCT_BUNDLE_IDENTIFIER = Academy.coolmeiappxcodeUITests;
				PRODUCT_NAME = "$(TARGET_NAME)";
				SWIFT_VERSION = 4.0;
				TARGETED_DEVICE_FAMILY = "1,2";
				TEST_TARGET_NAME = coolmeiappxcode;
			};
			name = Debug;
		};
		57020E26208F9FEA00D333AF /* Release */ = {
			isa = XCBuildConfiguration;
			baseConfigurationReference = EDE2E6D89447685326704771 /* Pods-coolmeiappxcodeUITests.release.xcconfig */;
			buildSettings = {
				ALWAYS_EMBED_SWIFT_STANDARD_LIBRARIES = YES;
				CODE_SIGN_STYLE = Automatic;
				INFOPLIST_FILE = coolmeiappxcodeUITests/Info.plist;
				IPHONEOS_DEPLOYMENT_TARGET = 11.2;
				LD_RUNPATH_SEARCH_PATHS = "$(inherited) @executable_path/Frameworks @loader_path/Frameworks";
				PRODUCT_BUNDLE_IDENTIFIER = Academy.coolmeiappxcodeUITests;
				PRODUCT_NAME = "$(TARGET_NAME)";
				SWIFT_VERSION = 4.0;
				TARGETED_DEVICE_FAMILY = "1,2";
				TEST_TARGET_NAME = coolmeiappxcode;
			};
			name = Release;
		};
/* End XCBuildConfiguration section */

/* Begin XCConfigurationList section */
		57020DEE208F9FE900D333AF /* Build configuration list for PBXProject "coolmeiappxcode" */ = {
			isa = XCConfigurationList;
			buildConfigurations = (
				57020E1C208F9FEA00D333AF /* Debug */,
				57020E1D208F9FEA00D333AF /* Release */,
			);
			defaultConfigurationIsVisible = 0;
			defaultConfigurationName = Release;
		};
		57020E1E208F9FEA00D333AF /* Build configuration list for PBXNativeTarget "coolmeiappxcode" */ = {
			isa = XCConfigurationList;
			buildConfigurations = (
				57020E1F208F9FEA00D333AF /* Debug */,
				57020E20208F9FEA00D333AF /* Release */,
			);
			defaultConfigurationIsVisible = 0;
			defaultConfigurationName = Release;
		};
		57020E21208F9FEA00D333AF /* Build configuration list for PBXNativeTarget "coolmeiappxcodeTests" */ = {
			isa = XCConfigurationList;
			buildConfigurations = (
				57020E22208F9FEA00D333AF /* Debug */,
				57020E23208F9FEA00D333AF /* Release */,
			);
			defaultConfigurationIsVisible = 0;
			defaultConfigurationName = Release;
		};
		57020E24208F9FEA00D333AF /* Build configuration list for PBXNativeTarget "coolmeiappxcodeUITests" */ = {
			isa = XCConfigurationList;
			buildConfigurations = (
				57020E25208F9FEA00D333AF /* Debug */,
				57020E26208F9FEA00D333AF /* Release */,
			);
			defaultConfigurationIsVisible = 0;
			defaultConfigurationName = Release;
		};
/* End XCConfigurationList section */

/* Begin XCVersionGroup section */
		57020DFD208F9FE900D333AF /* coolmeiappxcode.xcdatamodeld */ = {
			isa = XCVersionGroup;
			children = (
				57020DFE208F9FE900D333AF /* coolmeiappxcode.xcdatamodel */,
			);
			currentVersion = 57020DFE208F9FE900D333AF /* coolmeiappxcode.xcdatamodel */;
			path = coolmeiappxcode.xcdatamodeld;
			sourceTree = "<group>";
			versionGroupType = wrapper.xcdatamodel;
		};
/* End XCVersionGroup section */
	};
	rootObject = 57020DEB208F9FE900D333AF /* Project object */;
}
